<?xml version="1.0" encoding="utf-8"?>
<Project ToolsVersion="4.0" xmlns="http://schemas.microsoft.com/developer/msbuild/2003">
  <ItemGroup>
    <Filter Include="Source Files">
      <UniqueIdentifier>{4FC737F1-C7A5-4376-A066-2A32D752A2FF}</UniqueIdentifier>
      <Extensions>cpp;c;cc;cxx;def;odl;idl;hpj;bat;asm;asmx</Extensions>
    </Filter>
    <Filter Include="Header Files">
      <UniqueIdentifier>{93995380-89BD-4b04-88EB-625FBE52EBFB}</UniqueIdentifier>
      <Extensions>h;hh;hpp;hxx;hm;inl;inc;xsd</Extensions>
    </Filter>
    <Filter Include="Resource Files">
      <UniqueIdentifier>{67DA6AB6-F800-4c08-8B7A-83BB121AAD01}</UniqueIdentifier>
      <Extensions>rc;ico;cur;bmp;dlg;rc2;rct;bin;rgs;gif;jpg;jpeg;jpe;resx;tiff;tif;png;wav;mfcribbon-ms</Extensions>
    </Filter>
  </ItemGroup>
  <ItemGroup>
    <ClInclude Include="stdafx.h">
      <Filter>Header Files</Filter>
    </ClInclude>
    <ClInclude Include="targetver.h">
      <Filter>Header Files</Filter>
    </ClInclude>
    <ClInclude Include="include\globalConstants.h">
      <Filter>Header Files</Filter>
    </ClInclude>
    <ClInclude Include="include\vector3.h">
      <Filter>Header Files</Filter>
    </ClInclude>
    <ClInclude Include="include\Orbit.h">
      <Filter>Header Files</Filter>
    </ClInclude>
    <ClInclude Include="include\SurveyObjects.h">
      <Filter>Header Files</Filter>
    </ClInclude>
    <ClInclude Include="include\interpolationSolution.h">
      <Filter>Header Files</Filter>
    </ClInclude>
    <ClInclude Include="include\velocityOrbit.h">
      <Filter>Header Files</Filter>
    </ClInclude>
    <ClInclude Include="include\accelerationOrbit.h">
      <Filter>Header Files</Filter>
    </ClInclude>
    <ClInclude Include="include\numericalSolution.h">
      <Filter>Header Files</Filter>
    </ClInclude>
    <ClInclude Include="include\roll.h">
      <Filter>Header Files</Filter>
    </ClInclude>
    <ClInclude Include="include\positionVectors.h">
      <Filter>Header Files</Filter>
    </ClInclude>
    <ClInclude Include="include\orbitEarthProjection.h">
      <Filter>Header Files</Filter>
    </ClInclude>
    <ClInclude Include="include\accelerationOrbitEarthProjection.h">
      <Filter>Header Files</Filter>
    </ClInclude>
    <ClInclude Include="include\velocityOrbitEarthProjection.h">
      <Filter>Header Files</Filter>
    </ClInclude>
    <ClInclude Include="include\timePoints.h">
      <Filter>Header Files</Filter>
    </ClInclude>
    <ClInclude Include="include\vectorConstructor.h">
      <Filter>Header Files</Filter>
    </ClInclude>
    <ClInclude Include="include\radiusVector3.h">
      <Filter>Header Files</Filter>
    </ClInclude>
    <ClInclude Include="include\orbital.h">
      <Filter>Header Files</Filter>
    </ClInclude>
    <ClInclude Include="include\targets.h">
      <Filter>Header Files</Filter>
    </ClInclude>
    <ClInclude Include="include\calculation.h">
      <Filter>Header Files</Filter>
    </ClInclude>
    <ClInclude Include="include\interpolation.h">
      <Filter>Header Files</Filter>
    </ClInclude>
    <ClInclude Include="include\display.h">
      <Filter>Header Files</Filter>
    </ClInclude>
    <ClInclude Include="include\solution.h">
      <Filter>Header Files</Filter>
    </ClInclude>
    <ClInclude Include="include\solutionLoop.h">
      <Filter>Header Files</Filter>
    </ClInclude>
    <ClInclude Include="calculationOfTimeAndRoll.h">
      <Filter>Header Files</Filter>
    </ClInclude>
  </ItemGroup>
  <ItemGroup>
    <ClCompile Include="stdafx.cpp">
      <Filter>Source Files</Filter>
    </ClCompile>
    <ClCompile Include="src\vector3.cpp">
      <Filter>Source Files</Filter>
    </ClCompile>
    <ClCompile Include="src\globalConstants.cpp">
      <Filter>Source Files</Filter>
    </ClCompile>
    <ClCompile Include="src\Orbit.cpp">
      <Filter>Source Files</Filter>
    </ClCompile>
    <ClCompile Include="main.cpp">
      <Filter>Source Files</Filter>
    </ClCompile>
    <ClCompile Include="src\SurveyObjects.cpp">
      <Filter>Source Files</Filter>
    </ClCompile>
    <ClCompile Include="src\interpolationSolution.cpp">
      <Filter>Source Files</Filter>
    </ClCompile>
    <ClCompile Include="src\velocityOrbit.cpp">
      <Filter>Source Files</Filter>
    </ClCompile>
    <ClCompile Include="src\numericalSolution.cpp">
      <Filter>Source Files</Filter>
    </ClCompile>
    <ClCompile Include="src\accelerationOrbit.cpp">
      <Filter>Source Files</Filter>
    </ClCompile>
    <ClCompile Include="src\roll.cpp">
      <Filter>Source Files</Filter>
    </ClCompile>
    <ClCompile Include="src\positionVectors.cpp">
      <Filter>Source Files</Filter>
    </ClCompile>
    <ClCompile Include="src\orbitEarthProjection.cpp">
      <Filter>Source Files</Filter>
    </ClCompile>
    <ClCompile Include="src\accelerationOrbitEarthProjection.cpp">
      <Filter>Source Files</Filter>
    </ClCompile>
    <ClCompile Include="src\velocityOrbitEarthProjection.cpp">
      <Filter>Source Files</Filter>
    </ClCompile>
    <ClCompile Include="src\timePoints.cpp">
      <Filter>Source Files</Filter>
    </ClCompile>
    <ClCompile Include="src\vectorConstructor.cpp">
      <Filter>Source Files</Filter>
    </ClCompile>
    <ClCompile Include="src\radiusVector3.cpp">
      <Filter>Source Files</Filter>
    </ClCompile>
    <ClCompile Include="src\orbital.cpp">
      <Filter>Source Files</Filter>
    </ClCompile>
    <ClCompile Include="src\targets.cpp">
      <Filter>Source Files</Filter>
    </ClCompile>
    <ClCompile Include="src\calculation.cpp">
      <Filter>Source Files</Filter>
    </ClCompile>
    <ClCompile Include="src\interpolation.cpp">
      <Filter>Source Files</Filter>
    </ClCompile>
    <ClCompile Include="src\display.cpp">
      <Filter>Source Files</Filter>
    </ClCompile>
    <ClCompile Include="src\solution.cpp">
      <Filter>Source Files</Filter>
    </ClCompile>
    <ClCompile Include="src\solutionLoop.cpp">
      <Filter>Source Files</Filter>
    </ClCompile>
    <ClCompile Include="calculationOfTimeAndRoll.cpp">
      <Filter>Source Files</Filter>
    </ClCompile>
  </ItemGroup>
</Project>